
Microsoft Visual Studio Solution File, Format Version 12.00
# Visual Studio Version 16
VisualStudioVersion = 16.0.30907.101
MinimumVisualStudioVersion = 10.0.40219.1
Project("{FAE04EC0-301F-11D3-BF4B-00C04F79EFBC}") = "Netflix-Clone", "Netflix-Clone\Netflix-Clone.csproj", "{873FE05C-D7D6-4052-8843-6922E2053508}"
EndProject
Global
	GlobalSection(SolutionConfigurationPlatforms) = preSolution
		Debug|Any CPU = Debug|Any CPU
		Release|Any CPU = Release|Any CPU
	EndGlobalSection
	GlobalSection(ProjectConfigurationPlatforms) = postSolution
		{873FE05C-D7D6-4052-8843-6922E2053508}.Debug|Any CPU.ActiveCfg = Debug|Any CPU
		{873FE05C-D7D6-4052-8843-6922E2053508}.Debug|Any CPU.Build.0 = Debug|Any CPU
		{873FE05C-D7D6-4052-8843-6922E2053508}.Release|Any CPU.ActiveCfg = Release|Any CPU
		{873FE05C-D7D6-4052-8843-6922E2053508}.Release|Any CPU.Build.0 = Release|Any CPU
	EndGlobalSection
	GlobalSection(SolutionProperties) = preSolution
		HideSolutionNode = FALSE
	EndGlobalSection
	GlobalSection(ExtensibilityGlobals) = postSolution
		SolutionGuid = {949B4C90-6236-4F77-A567-FF2EFF8CC7F5}
	EndGlobalSection
EndGlobal
